hash: 9aa87de7030f5b57ee15949488773eed43794051d931d592b57d01ba08baa1b3
updated: 2018-05-24T02:24:44.532048957+02:00
imports:
- name: github.com/lib/pq
  version: 90697d60dd844d5ef6ff15135d0203f65d2f53b8
  subpackages:
  - oid
- name: github.com/lrstanley/girc
  version: 102f17f86306c2152a8c6188f9bb8b0e7288de31
- name: golang.org/x/crypto
  version: 75e913eb8a8e3d31a97b216de09de106a7b07681
  subpackages:
  - scrypt
  - sha3
testImports: []
